{
	"requires": true,
	"lockfileVersion": 1,
	"dependencies": {
		"predicates": {
			"version": "2.0.0-rc1",
			"resolved": "https://registry.npmjs.org/predicates/-/predicates-2.0.0-rc1.tgz",
			"integrity": "sha512-ffSZW3wUSCLbrzRbUgwSma7+Vgt3d3O+CUJ7aGUL+dQN39hwiBFpuwBPrOcM1ioO6C/Rq1zwMzZuNU8Q8fysBA=="
		}
	}
}
